{
  "pins" : [
    {
      "identity" : "bfrimageviewer",
      "kind" : "remoteSourceControl",
      "location" : "https://github.com/apvex/BFRImageViewer",
      "state" : {
        "branch" : "main",
        "revision" : "fa1d2f9d6d05d2530c0ac8f0c5e87cb599d076eb"
      }
    },
    {
      "identity" : "inputbaraccessoryview",
      "kind" : "remoteSourceControl",
      "location" : "https://github.com/nathantannar4/InputBarAccessoryView",
      "state" : {
        "revision" : "c7acd5fa32e54cd7a44ad7eb9a7730da35b54c95",
        "version" : "6.5.1"
      }
    },
    {
      "identity" : "keychain-swift",
      "kind" : "remoteSourceControl",
      "location" : "https://github.com/evgenyneu/keychain-swift",
      "state" : {
        "revision" : "5e1b02b6a9dac2a759a1d5dbc175c86bd192a608",
        "version" : "24.0.0"
      }
    },
    {
      "identity" : "kingfisher",
      "kind" : "remoteSourceControl",
      "location" : "https://github.com/onevcat/Kingfisher.git",
      "state" : {
        "revision" : "2ef543ee21d63734e1c004ad6c870255e8716c50",
        "version" : "7.12.0"
      }
    },
    {
      "identity" : "messagekit",
      "kind" : "remoteSourceControl",
      "location" : "https://github.com/MessageKit/MessageKit",
      "state" : {
        "revision" : "b024c1287ac30fb6ea2ee07169e6193efc11d972",
        "version" : "4.3.0"
      }
    },
    {
      "identity" : "pincache",
      "kind" : "remoteSourceControl",
      "location" : "https://github.com/pinterest/PINCache.git",
      "state" : {
        "revision" : "2fb85948463292c2e824148cf17dc62a4c217a94",
        "version" : "3.0.4"
      }
    },
    {
      "identity" : "pinoperation",
      "kind" : "remoteSourceControl",
      "location" : "https://github.com/pinterest/PINOperation.git",
      "state" : {
        "revision" : "a74f978733bdaf982758bfa23d70a189f4b4c1b6",
        "version" : "1.2.3"
      }
    },
    {
      "identity" : "pinremoteimage",
      "kind" : "remoteSourceControl",
      "location" : "https://github.com/pinterest/PINRemoteImage",
      "state" : {
        "branch" : "master",
        "revision" : "26818dc4ad9ca5ce3064e23524c4ac06e873076b"
      }
    },
    {
      "identity" : "sdk-ios",
      "kind" : "remoteSourceControl",
      "location" : "https://github.com/LiveTex/sdk-ios",
      "state" : {
        "revision" : "dfc0b804bc07b43708e07037624aaa7cc69d4a28",
        "version" : "3.0.3"
      }
    }
  ],
  "version" : 2
}
